// !$*UTF8*$!
{
	archiveVersion = 1;
	classes = {
	};
	objectVersion = 55;
	objects = {

/* Begin PBXBuildFile section */
		C28681EA272A8A97004CA065 /* ViewControllerCatEnd.swift in Sources */ = {isa = PBXBuildFile; fileRef = C28681E9272A8A97004CA065 /* ViewControllerCatEnd.swift */; };
		C28681EC272A8B99004CA065 /* ViewControllerDogEnd.swift in Sources */ = {isa = PBXBuildFile; fileRef = C28681EB272A8B99004CA065 /* ViewControllerDogEnd.swift */; };
		C28681EE272A8EF1004CA065 /* ViewControllerSutul.swift in Sources */ = {isa = PBXBuildFile; fileRef = C28681ED272A8EF1004CA065 /* ViewControllerSutul.swift */; };
		C28681F0272A91FE004CA065 /* ViewControllerMimi.swift in Sources */ = {isa = PBXBuildFile; fileRef = C28681EF272A91FE004CA065 /* ViewControllerMimi.swift */; };
		C28681F2272A9537004CA065 /* ViewControllerCat.swift in Sources */ = {isa = PBXBuildFile; fileRef = C28681F1272A9537004CA065 /* ViewControllerCat.swift */; };
		C28681F4272A9674004CA065 /* ViewControllerDevil.swift in Sources */ = {isa = PBXBuildFile; fileRef = C28681F3272A9674004CA065 /* ViewControllerDevil.swift */; };
		C28681F6272A96B9004CA065 /* ViewControllerSapog.swift in Sources */ = {isa = PBXBuildFile; fileRef = C28681F5272A96B9004CA065 /* ViewControllerSapog.swift */; };
		C2D011FD2729CDFD00B2FA90 /* AppDelegate.swift in Sources */ = {isa = PBXBuildFile; fileRef = C2D011FC2729CDFD00B2FA90 /* AppDelegate.swift */; };
		C2D012012729CDFD00B2FA90 /* ViewController.swift in Sources */ = {isa = PBXBuildFile; fileRef = C2D012002729CDFD00B2FA90 /* ViewController.swift */; };
		C2D012042729CDFD00B2FA90 /* Main.storyboard in Resources */ = {isa = PBXBuildFile; fileRef = C2D012022729CDFD00B2FA90 /* Main.storyboard */; };
		C2D012062729CDFE00B2FA90 /* Assets.xcassets in Resources */ = {isa = PBXBuildFile; fileRef = C2D012052729CDFE00B2FA90 /* Assets.xcassets */; };
		C2D012092729CDFE00B2FA90 /* LaunchScreen.storyboard in Resources */ = {isa = PBXBuildFile; fileRef = C2D012072729CDFE00B2FA90 /* LaunchScreen.storyboard */; };
/* End PBXBuildFile section */

/* Begin PBXFileReference section */
		C28681E9272A8A97004CA065 /* ViewControllerCatEnd.swift */ = {isa = PBXFileReference; lastKnownFileType = sourcecode.swift; path = ViewControllerCatEnd.swift; sourceTree = "<group>"; };
		C28681EB272A8B99004CA065 /* ViewControllerDogEnd.swift */ = {isa = PBXFileReference; lastKnownFileType = sourcecode.swift; path = ViewControllerDogEnd.swift; sourceTree = "<group>"; };
		C28681ED272A8EF1004CA065 /* ViewControllerSutul.swift */ = {isa = PBXFileReference; lastKnownFileType = sourcecode.swift; path = ViewControllerSutul.swift; sourceTree = "<group>"; };
		C28681EF272A91FE004CA065 /* ViewControllerMimi.swift */ = {isa = PBXFileReference; lastKnownFileType = sourcecode.swift; path = ViewControllerMimi.swift; sourceTree = "<group>"; };
		C28681F1272A9537004CA065 /* ViewControllerCat.swift */ = {isa = PBXFileReference; lastKnownFileType = sourcecode.swift; path = ViewControllerCat.swift; sourceTree = "<group>"; };
		C28681F3272A9674004CA065 /* ViewControllerDevil.swift */ = {isa = PBXFileReference; lastKnownFileType = sourcecode.swift; path = ViewControllerDevil.swift; sourceTree = "<group>"; };
		C28681F5272A96B9004CA065 /* ViewControllerSapog.swift */ = {isa = PBXFileReference; lastKnownFileType = sourcecode.swift; path = ViewControllerSapog.swift; sourceTree = "<group>"; };
		C2D011F92729CDFD00B2FA90 /* second homework.app */ = {isa = PBXFileReference; explicitFileType = wrapper.application; includeInIndex = 0; path = "second homework.app"; sourceTree = BUILT_PRODUCTS_DIR; };
		C2D011FC2729CDFD00B2FA90 /* AppDelegate.swift */ = {isa = PBXFileReference; lastKnownFileType = sourcecode.swift; path = AppDelegate.swift; sourceTree = "<group>"; };
		C2D012002729CDFD00B2FA90 /* ViewController.swift */ = {isa = PBXFileReference; lastKnownFileType = sourcecode.swift; path = ViewController.swift; sourceTree = "<group>"; };
		C2D012032729CDFD00B2FA90 /* Base */ = {isa = PBXFileReference; lastKnownFileType = file.storyboard; name = Base; path = Base.lproj/Main.storyboard; sourceTree = "<group>"; };
		C2D012052729CDFE00B2FA90 /* Assets.xcassets */ = {isa = PBXFileReference; lastKnownFileType = folder.assetcatalog; path = Assets.xcassets; sourceTree = "<group>"; };
		C2D012082729CDFE00B2FA90 /* Base */ = {isa = PBXFileReference; lastKnownFileType = file.storyboard; name = Base; path = Base.lproj/LaunchScreen.storyboard; sourceTree = "<group>"; };
		C2D0120A2729CDFE00B2FA90 /* Info.plist */ = {isa = PBXFileReference; lastKnownFileType = text.plist.xml; path = Info.plist; sourceTree = "<group>"; };
/* End PBXFileReference section */

/* Begin PBXFrameworksBuildPhase section */
		C2D011F62729CDFD00B2FA90 /* Frameworks */ = {
			isa = PBXFrameworksBuildPhase;
			buildActionMask = 2147483647;
			files = (
			);
			runOnlyForDeploymentPostprocessing = 0;
		};
/* End PBXFrameworksBuildPhase section */

/* Begin PBXGroup section */
		C2D011F02729CDFD00B2FA90 = {
			isa = PBXGroup;
			children = (
				C2D011FB2729CDFD00B2FA90 /* second homework */,
				C2D011FA2729CDFD00B2FA90 /* Products */,
			);
			sourceTree = "<group>";
		};
		C2D011FA2729CDFD00B2FA90 /* Products */ = {
			isa = PBXGroup;
			children = (
				C2D011F92729CDFD00B2FA90 /* second homework.app */,
			);
			name = Products;
			sourceTree = "<group>";
		};
		C2D011FB2729CDFD00B2FA90 /* second homework */ = {
			isa = PBXGroup;
			children = (
				C2D011FC2729CDFD00B2FA90 /* AppDelegate.swift */,
				C2D012002729CDFD00B2FA90 /* ViewController.swift */,
				C2D012022729CDFD00B2FA90 /* Main.storyboard */,
				C28681ED272A8EF1004CA065 /* ViewControllerSutul.swift */,
				C28681EF272A91FE004CA065 /* ViewControllerMimi.swift */,
				C28681EB272A8B99004CA065 /* ViewControllerDogEnd.swift */,
				C2D012052729CDFE00B2FA90 /* Assets.xcassets */,
				C2D012072729CDFE00B2FA90 /* LaunchScreen.storyboard */,
				C2D0120A2729CDFE00B2FA90 /* Info.plist */,
				C28681F1272A9537004CA065 /* ViewControllerCat.swift */,
				C28681F3272A9674004CA065 /* ViewControllerDevil.swift */,
				C28681F5272A96B9004CA065 /* ViewControllerSapog.swift */,
				C28681E9272A8A97004CA065 /* ViewControllerCatEnd.swift */,
			);
			path = "second homework";
			sourceTree = "<group>";
		};
/* End PBXGroup section */

/* Begin PBXNativeTarget section */
		C2D011F82729CDFD00B2FA90 /* second homework */ = {
			isa = PBXNativeTarget;
			buildConfigurationList = C2D0120D2729CDFE00B2FA90 /* Build configuration list for PBXNativeTarget "second homework" */;
			buildPhases = (
				C2D011F52729CDFD00B2FA90 /* Sources */,
				C2D011F62729CDFD00B2FA90 /* Frameworks */,
				C2D011F72729CDFD00B2FA90 /* Resources */,
			);
			buildRules = (
			);
			dependencies = (
			);
			name = "second homework";
			productName = "second homework";
			productReference = C2D011F92729CDFD00B2FA90 /* second homework.app */;
			productType = "com.apple.product-type.application";
		};
/* End PBXNativeTarget section */

/* Begin PBXProject section */
		C2D011F12729CDFD00B2FA90 /* Project object */ = {
			isa = PBXProject;
			attributes = {
				BuildIndependentTargetsInParallel = 1;
				LastSwiftUpdateCheck = 1310;
				LastUpgradeCheck = 1310;
				TargetAttributes = {
					C2D011F82729CDFD00B2FA90 = {
						CreatedOnToolsVersion = 13.1;
					};
				};
			};
			buildConfigurationList = C2D011F42729CDFD00B2FA90 /* Build configuration list for PBXProject "second homework" */;
			compatibilityVersion = "Xcode 13.0";
			developmentRegion = en;
			hasScannedForEncodings = 0;
			knownRegions = (
				en,
				Base,
			);
			mainGroup = C2D011F02729CDFD00B2FA90;
			productRefGroup = C2D011FA2729CDFD00B2FA90 /* Products */;
			projectDirPath = "";
			projectRoot = "";
			targets = (
				C2D011F82729CDFD00B2FA90 /* second homework */,
			);
		};
/* End PBXProject section */

/* Begin PBXResourcesBuildPhase section */
		C2D011F72729CDFD00B2FA90 /* Resources */ = {
			isa = PBXResourcesBuildPhase;
			buildActionMask = 2147483647;
			files = (
				C2D012092729CDFE00B2FA90 /* LaunchScreen.storyboard in Resources */,
				C2D012062729CDFE00B2FA90 /* Assets.xcassets in Resources */,
				C2D012042729CDFD00B2FA90 /* Main.storyboard in Resources */,
			);
			runOnlyForDeploymentPostprocessing = 0;
		};
/* End PBXResourcesBuildPhase section */

/* Begin PBXSourcesBuildPhase section */
		C2D011F52729CDFD00B2FA90 /* Sources */ = {
			isa = PBXSourcesBuildPhase;
			buildActionMask = 2147483647;
			files = (
				C28681F2272A9537004CA065 /* ViewControllerCat.swift in Sources */,
				C28681F0272A91FE004CA065 /* ViewControllerMimi.swift in Sources */,
				C28681EA272A8A97004CA065 /* ViewControllerCatEnd.swift in Sources */,
				C28681EC272A8B99004CA065 /* ViewControllerDogEnd.swift in Sources */,
				C28681EE272A8EF1004CA065 /* ViewControllerSutul.swift in Sources */,
				C28681F6272A96B9004CA065 /* ViewControllerSapog.swift in Sources */,
				C2D012012729CDFD00B2FA90 /* ViewController.swift in Sources */,
				C2D011FD2729CDFD00B2FA90 /* AppDelegate.swift in Sources */,
				C28681F4272A9674004CA065 /* ViewControllerDevil.swift in Sources */,
			);
			runOnlyForDeploymentPostprocessing = 0;
		};
/* End PBXSourcesBuildPhase section */

/* Begin PBXVariantGroup section */
		C2D012022729CDFD00B2FA90 /* Main.storyboard */ = {
			isa = PBXVariantGroup;
			children = (
				C2D012032729CDFD00B2FA90 /* Base */,
			);
			name = Main.storyboard;
			sourceTree = "<group>";
		};
		C2D012072729CDFE00B2FA90 /* LaunchScreen.storyboard */ = {
			isa = PBXVariantGroup;
			children = (
				C2D012082729CDFE00B2FA90 /* Base */,
			);
			name = LaunchScreen.storyboard;
			sourceTree = "<group>";
		};
/* End PBXVariantGroup section */

/* Begin XCBuildConfiguration section */
		C2D0120B2729CDFE00B2FA90 /* Debug */ = {
			isa = XCBuildConfiguration;
			buildSettings = {
				ALWAYS_SEARCH_USER_PATHS = NO;
				CLANG_ANALYZER_NONNULL = YES;
				CLANG_ANALYZER_NUMBER_OBJECT_CONVERSION = YES_AGGRESSIVE;
				CLANG_CXX_LANGUAGE_STANDARD = "gnu++17";
				CLANG_CXX_LIBRARY = "libc++";
				CLANG_ENABLE_MODULES = YES;
				CLANG_ENABLE_OBJC_ARC = YES;
				CLANG_ENABLE_OBJC_WEAK = YES;
				CLANG_WARN_BLOCK_CAPTURE_AUTORELEASING = YES;
				CLANG_WARN_BOOL_CONVERSION = YES;
				CLANG_WARN_COMMA = YES;
				CLANG_WARN_CONSTANT_CONVERSION = YES;
				CLANG_WARN_DEPRECATED_OBJC_IMPLEMENTATIONS = YES;
				CLANG_WARN_DIRECT_OBJC_ISA_USAGE = YES_ERROR;
				CLANG_WARN_DOCUMENTATION_COMMENTS = YES;
				CLANG_WARN_EMPTY_BODY = YES;
				CLANG_WARN_ENUM_CONVERSION = YES;
				CLANG_WARN_INFINITE_RECURSION = YES;
				CLANG_WARN_INT_CONVERSION = YES;
				CLANG_WARN_NON_LITERAL_NULL_CONVERSION = YES;
				CLANG_WARN_OBJC_IMPLICIT_RETAIN_SELF = YES;
				CLANG_WARN_OBJC_LITERAL_CONVERSION = YES;
				CLANG_WARN_OBJC_ROOT_CLASS = YES_ERROR;
				CLANG_WARN_QUOTED_INCLUDE_IN_FRAMEWORK_HEADER = YES;
				CLANG_WARN_RANGE_LOOP_ANALYSIS = YES;
				CLANG_WARN_STRICT_PROTOTYPES = YES;
				CLANG_WARN_SUSPICIOUS_MOVE = YES;
				CLANG_WARN_UNGUARDED_AVAILABILITY = YES_AGGRESSIVE;
				CLANG_WARN_UNREACHABLE_CODE = YES;
				CLANG_WARN__DUPLICATE_METHOD_MATCH = YES;
				COPY_PHASE_STRIP = NO;
				DEBUG_INFORMATION_FORMAT = dwarf;
				ENABLE_STRICT_OBJC_MSGSEND = YES;
				ENABLE_TESTABILITY = YES;
				GCC_C_LANGUAGE_STANDARD = gnu11;
				GCC_DYNAMIC_NO_PIC = NO;
				GCC_NO_COMMON_BLOCKS = YES;
				GCC_OPTIMIZATION_LEVEL = 0;
				GCC_PREPROCESSOR_DEFINITIONS = (
					"DEBUG=1",
					"$(inherited)",
				);
				GCC_WARN_64_TO_32_BIT_CONVERSION = YES;
				GCC_WARN_ABOUT_RETURN_TYPE = YES_ERROR;
				GCC_WARN_UNDECLARED_SELECTOR = YES;
				GCC_WARN_UNINITIALIZED_AUTOS = YES_AGGRESSIVE;
				GCC_WARN_UNUSED_FUNCTION = YES;
				GCC_WARN_UNUSED_VARIABLE = YES;
				IPHONEOS_DEPLOYMENT_TARGET = 15.0;
				MTL_ENABLE_DEBUG_INFO = INCLUDE_SOURCE;
				MTL_FAST_MATH = YES;
				ONLY_ACTIVE_ARCH = YES;
				SDKROOT = iphoneos;
				SWIFT_ACTIVE_COMPILATION_CONDITIONS = DEBUG;
				SWIFT_OPTIMIZATION_LEVEL = "-Onone";
			};
			name = Debug;
		};
		C2D0120C2729CDFE00B2FA90 /* Release */ = {
			isa = XCBuildConfiguration;
			buildSettings = {
				ALWAYS_SEARCH_USER_PATHS = NO;
				CLANG_ANALYZER_NONNULL = YES;
				CLANG_ANALYZER_NUMBER_OBJECT_CONVERSION = YES_AGGRESSIVE;
				CLANG_CXX_LANGUAGE_STANDARD = "gnu++17";
				CLANG_CXX_LIBRARY = "libc++";
				CLANG_ENABLE_MODULES = YES;
				CLANG_ENABLE_OBJC_ARC = YES;
				CLANG_ENABLE_OBJC_WEAK = YES;
				CLANG_WARN_BLOCK_CAPTURE_AUTORELEASING = YES;
				CLANG_WARN_BOOL_CONVERSION = YES;
				CLANG_WARN_COMMA = YES;
				CLANG_WARN_CONSTANT_CONVERSION = YES;
				CLANG_WARN_DEPRECATED_OBJC_IMPLEMENTATIONS = YES;
				CLANG_WARN_DIRECT_OBJC_ISA_USAGE = YES_ERROR;
				CLANG_WARN_DOCUMENTATION_COMMENTS = YES;
				CLANG_WARN_EMPTY_BODY = YES;
				CLANG_WARN_ENUM_CONVERSION = YES;
				CLANG_WARN_INFINITE_RECURSION = YES;
				CLANG_WARN_INT_CONVERSION = YES;
				CLANG_WARN_NON_LITERAL_NULL_CONVERSION = YES;
				CLANG_WARN_OBJC_IMPLICIT_RETAIN_SELF = YES;
				CLANG_WARN_OBJC_LITERAL_CONVERSION = YES;
				CLANG_WARN_OBJC_ROOT_CLASS = YES_ERROR;
				CLANG_WARN_QUOTED_INCLUDE_IN_FRAMEWORK_HEADER = YES;
				CLANG_WARN_RANGE_LOOP_ANALYSIS = YES;
				CLANG_WARN_STRICT_PROTOTYPES = YES;
				CLANG_WARN_SUSPICIOUS_MOVE = YES;
				CLANG_WARN_UNGUARDED_AVAILABILITY = YES_AGGRESSIVE;
				CLANG_WARN_UNREACHABLE_CODE = YES;
				CLANG_WARN__DUPLICATE_METHOD_MATCH = YES;
				COPY_PHASE_STRIP = NO;
				DEBUG_INFORMATION_FORMAT = "dwarf-with-dsym";
				ENABLE_NS_ASSERTIONS = NO;
				ENABLE_STRICT_OBJC_MSGSEND = YES;
				GCC_C_LANGUAGE_STANDARD = gnu11;
				GCC_NO_COMMON_BLOCKS = YES;
				GCC_WARN_64_TO_32_BIT_CONVERSION = YES;
				GCC_WARN_ABOUT_RETURN_TYPE = YES_ERROR;
				GCC_WARN_UNDECLARED_SELECTOR = YES;
				GCC_WARN_UNINITIALIZED_AUTOS = YES_AGGRESSIVE;
				GCC_WARN_UNUSED_FUNCTION = YES;
				GCC_WARN_UNUSED_VARIABLE = YES;
				IPHONEOS_DEPLOYMENT_TARGET = 15.0;
				MTL_ENABLE_DEBUG_INFO = NO;
				MTL_FAST_MATH = YES;
				SDKROOT = iphoneos;
				SWIFT_COMPILATION_MODE = wholemodule;
				SWIFT_OPTIMIZATION_LEVEL = "-O";
				VALIDATE_PRODUCT = YES;
			};
			name = Release;
		};
		C2D0120E2729CDFE00B2FA90 /* Debug */ = {
			isa = XCBuildConfiguration;
			buildSettings = {
				ASSETCATALOG_COMPILER_APPICON_NAME = AppIcon;
				ASSETCATALOG_COMPILER_GLOBAL_ACCENT_COLOR_NAME = AccentColor;
				CODE_SIGN_STYLE = Automatic;
				CURRENT_PROJECT_VERSION = 1;
				DEVELOPMENT_TEAM = 57PDV6YN8M;
				GENERATE_INFOPLIST_FILE = YES;
				INFOPLIST_FILE = "second homework/Info.plist";
				INFOPLIST_KEY_UIApplicationSupportsIndirectInputEvents = YES;
				INFOPLIST_KEY_UILaunchStoryboardName = LaunchScreen;
				INFOPLIST_KEY_UIMainStoryboardFile = Main;
				INFOPLIST_KEY_UISupportedInterfaceOrientations_iPad = "UIInterfaceOrientationPortrait UIInterfaceOrientationPortraitUpsideDown UIInterfaceOrientationLandscapeLeft UIInterfaceOrientationLandscapeRight";
				INFOPLIST_KEY_UISupportedInterfaceOrientations_iPhone = "UIInterfaceOrientationPortrait UIInterfaceOrientationLandscapeLeft UIInterfaceOrientationLandscapeRight";
				LD_RUNPATH_SEARCH_PATHS = (
					"$(inherited)",
					"@executable_path/Frameworks",
				);
				MARKETING_VERSION = 1.0;
				PRODUCT_BUNDLE_IDENTIFIER = "com.ruslanbagautdinov.second-homework";
				PRODUCT_NAME = "$(TARGET_NAME)";
				SWIFT_EMIT_LOC_STRINGS = YES;
				SWIFT_VERSION = 5.0;
				TARGETED_DEVICE_FAMILY = "1,2";
			};
			name = Debug;
		};
		C2D0120F2729CDFE00B2FA90 /* Release */ = {
			isa = XCBuildConfiguration;
			buildSettings = {
				ASSETCATALOG_COMPILER_APPICON_NAME = AppIcon;
				ASSETCATALOG_COMPILER_GLOBAL_ACCENT_COLOR_NAME = AccentColor;
				CODE_SIGN_STYLE = Automatic;
				CURRENT_PROJECT_VERSION = 1;
				DEVELOPMENT_TEAM = 57PDV6YN8M;
				GENERATE_INFOPLIST_FILE = YES;
				INFOPLIST_FILE = "second homework/Info.plist";
				INFOPLIST_KEY_UIApplicationSupportsIndirectInputEvents = YES;
				INFOPLIST_KEY_UILaunchStoryboardName = LaunchScreen;
				INFOPLIST_KEY_UIMainStoryboardFile = Main;
				INFOPLIST_KEY_UISupportedInterfaceOrientations_iPad = "UIInterfaceOrientationPortrait UIInterfaceOrientationPortraitUpsideDown UIInterfaceOrientationLandscapeLeft UIInterfaceOrientationLandscapeRight";
				INFOPLIST_KEY_UISupportedInterfaceOrientations_iPhone = "UIInterfaceOrientationPortrait UIInterfaceOrientationLandscapeLeft UIInterfaceOrientationLandscapeRight";
				LD_RUNPATH_SEARCH_PATHS = (
					"$(inherited)",
					"@executable_path/Frameworks",
				);
				MARKETING_VERSION = 1.0;
				PRODUCT_BUNDLE_IDENTIFIER = "com.ruslanbagautdinov.second-homework";
				PRODUCT_NAME = "$(TARGET_NAME)";
				SWIFT_EMIT_LOC_STRINGS = YES;
				SWIFT_VERSION = 5.0;
				TARGETED_DEVICE_FAMILY = "1,2";
			};
			name = Release;
		};
/* End XCBuildConfiguration section */

/* Begin XCConfigurationList section */
		C2D011F42729CDFD00B2FA90 /* Build configuration list for PBXProject "second homework" */ = {
			isa = XCConfigurationList;
			buildConfigurations = (
				C2D0120B2729CDFE00B2FA90 /* Debug */,
				C2D0120C2729CDFE00B2FA90 /* Release */,
			);
			defaultConfigurationIsVisible = 0;
			defaultConfigurationName = Release;
		};
		C2D0120D2729CDFE00B2FA90 /* Build configuration list for PBXNativeTarget "second homework" */ = {
			isa = XCConfigurationList;
			buildConfigurations = (
				C2D0120E2729CDFE00B2FA90 /* Debug */,
				C2D0120F2729CDFE00B2FA90 /* Release */,
			);
			defaultConfigurationIsVisible = 0;
			defaultConfigurationName = Release;
		};
/* End XCConfigurationList section */
	};
	rootObject = C2D011F12729CDFD00B2FA90 /* Project object */;
}
